
Microsoft Visual Studio Solution File, Format Version 12.00
# Visual Studio Version 16
VisualStudioVersion = 16.0.30114.105
MinimumVisualStudioVersion = 10.0.40219.1
Project("{FAE04EC0-301F-11D3-BF4B-00C04F79EFBC}") = "NorthwindAPI", "NorthwindAPI.csproj", "{ADE61A24-A00A-43C0-804B-9CD3462BA33F}"
EndProject
Global
	GlobalSection(SolutionConfigurationPlatforms) = preSolution
		Debug|Any CPU = Debug|Any CPU
		Release|Any CPU = Release|Any CPU
	EndGlobalSection
	GlobalSection(ProjectConfigurationPlatforms) = postSolution
		{ADE61A24-A00A-43C0-804B-9CD3462BA33F}.Debug|Any CPU.ActiveCfg = Debug|Any CPU
		{ADE61A24-A00A-43C0-804B-9CD3462BA33F}.Debug|Any CPU.Build.0 = Debug|Any CPU
		{ADE61A24-A00A-43C0-804B-9CD3462BA33F}.Release|Any CPU.ActiveCfg = Release|Any CPU
		{ADE61A24-A00A-43C0-804B-9CD3462BA33F}.Release|Any CPU.Build.0 = Release|Any CPU
	EndGlobalSection
	GlobalSection(SolutionProperties) = preSolution
		HideSolutionNode = FALSE
	EndGlobalSection
	GlobalSection(ExtensibilityGlobals) = postSolution
		SolutionGuid = {04589F2E-DE1E-4AAB-A116-1DFA71200781}
	EndGlobalSection
EndGlobal
